
Microsoft Visual Studio Solution File, Format Version 12.00
# Visual Studio Version 17
VisualStudioVersion = 17.0.31903.59
MinimumVisualStudioVersion = 10.0.40219.1
Project("{2150E333-8FDC-42A3-9474-1A3956D46DE8}") = "src", "src", "{827E0CD3-B72D-47B6-A68D-7590B98EB39B}"
EndProject
Project("{FAE04EC0-301F-11D3-BF4B-00C04F79EFBC}") = "FirmlyPaid.AccountLink.Api", "src\FirmlyPaid.AccountLink.Api\FirmlyPaid.AccountLink.Api.csproj", "{EF16E149-FB97-4C84-A2B8-07A1AB69FC47}"
EndProject
Project("{FAE04EC0-301F-11D3-BF4B-00C04F79EFBC}") = "FirmlyPaid.Shared", "src\FirmlyPaid.Shared\FirmlyPaid.Shared.csproj", "{CAFF13B5-EC76-485E-A4E9-CE8C685171B8}"
EndProject
Project("{FAE04EC0-301F-11D3-BF4B-00C04F79EFBC}") = "FirmlyPaid.Enrolment.Api", "src\FirmlyPaid.Enrolment.Api\FirmlyPaid.Enrolment.Api.csproj", "{782A9EA4-D4D6-4D9E-A17C-0BCD6AFDEDD1}"
EndProject
Project("{FAE04EC0-301F-11D3-BF4B-00C04F79EFBC}") = "FirmlyPaid.Gateway", "src\FirmlyPaid.Gateway\FirmlyPaid.Gateway.csproj", "{416A2EA3-8430-4773-8273-9B26DC600824}"
EndProject
Project("{FAE04EC0-301F-11D3-BF4B-00C04F79EFBC}") = "FirmlyPaid.Matching.Api", "src\FirmlyPaid.Matching.Api\FirmlyPaid.Matching.Api.csproj", "{15A36911-2EB2-49BF-88E6-9F27ADDA2F03}"
EndProject
Project("{FAE04EC0-301F-11D3-BF4B-00C04F79EFBC}") = "FirmlyPaid.Payments.Api", "src\FirmlyPaid.Payments.Api\FirmlyPaid.Payments.Api.csproj", "{04446652-2E00-40CF-B787-CE7789C9FC9C}"
EndProject
Project("{FAE04EC0-301F-11D3-BF4B-00C04F79EFBC}") = "FirmlyPaid.Risk.Api", "src\FirmlyPaid.Risk.Api\FirmlyPaid.Risk.Api.csproj", "{7FF6A462-BAB8-4C1F-AC29-67798B95591B}"
EndProject
Project("{FAE04EC0-301F-11D3-BF4B-00C04F79EFBC}") = "FirmlyPaid.Simulators", "src\FirmlyPaid.Simulators\FirmlyPaid.Simulators.csproj", "{9CDDA868-143E-4674-9C3A-A8F5D5616944}"
EndProject
Project("{FAE04EC0-301F-11D3-BF4B-00C04F79EFBC}") = "FirmlyPaid.TillIntegration.Api", "src\FirmlyPaid.TillIntegration.Api\FirmlyPaid.TillIntegration.Api.csproj", "{019D9E05-2205-41D8-B292-C002DC16ED0B}"
EndProject
Project("{2150E333-8FDC-42A3-9474-1A3956D46DE8}") = "tests", "tests", "{0AB3BF05-4346-4AA6-1389-037BE0695223}"
EndProject
Project("{FAE04EC0-301F-11D3-BF4B-00C04F79EFBC}") = "FirmlyPaid.AccountLink.Api.Tests", "tests\FirmlyPaid.AccountLink.Api.Tests\FirmlyPaid.AccountLink.Api.Tests.csproj", "{B2058CAC-D854-4610-8004-C56521DD1612}"
EndProject
Project("{FAE04EC0-301F-11D3-BF4B-00C04F79EFBC}") = "FirmlyPaid.EndToEnd.Tests", "tests\FirmlyPaid.EndToEnd.Tests\FirmlyPaid.EndToEnd.Tests.csproj", "{CD9E5CFF-15DA-4B00-9D65-EC6C55136AFC}"
EndProject
Project("{FAE04EC0-301F-11D3-BF4B-00C04F79EFBC}") = "FirmlyPaid.Enrolment.Api.Tests", "tests\FirmlyPaid.Enrolment.Api.Tests\FirmlyPaid.Enrolment.Api.Tests.csproj", "{27B98D34-C067-4ED0-AAAC-CEC28D2014EC}"
EndProject
Project("{FAE04EC0-301F-11D3-BF4B-00C04F79EFBC}") = "FirmlyPaid.Gateway.Tests", "tests\FirmlyPaid.Gateway.Tests\FirmlyPaid.Gateway.Tests.csproj", "{AF443BE0-5B67-4FC6-A1D8-9952C3D844A7}"
EndProject
Project("{FAE04EC0-301F-11D3-BF4B-00C04F79EFBC}") = "FirmlyPaid.Matching.Api.Tests", "tests\FirmlyPaid.Matching.Api.Tests\FirmlyPaid.Matching.Api.Tests.csproj", "{D905BE4D-2F5D-4EC5-858E-21D4B0EF3C9D}"
EndProject
Project("{FAE04EC0-301F-11D3-BF4B-00C04F79EFBC}") = "FirmlyPaid.Payments.Api.Tests", "tests\FirmlyPaid.Payments.Api.Tests\FirmlyPaid.Payments.Api.Tests.csproj", "{B58042F8-63CC-47F9-97BE-891212A433E7}"
EndProject
Project("{FAE04EC0-301F-11D3-BF4B-00C04F79EFBC}") = "FirmlyPaid.Risk.Api.Tests", "tests\FirmlyPaid.Risk.Api.Tests\FirmlyPaid.Risk.Api.Tests.csproj", "{4260FE79-44D8-480A-B651-B8525A1F6B06}"
EndProject
Project("{FAE04EC0-301F-11D3-BF4B-00C04F79EFBC}") = "FirmlyPaid.Shared.Tests", "tests\FirmlyPaid.Shared.Tests\FirmlyPaid.Shared.Tests.csproj", "{09871D12-C783-44AA-BA30-1F2A33606E11}"
EndProject
Project("{FAE04EC0-301F-11D3-BF4B-00C04F79EFBC}") = "FirmlyPaid.Simulators.Tests", "tests\FirmlyPaid.Simulators.Tests\FirmlyPaid.Simulators.Tests.csproj", "{41E6FA92-A63A-4860-841E-8BBBA14F8CE2}"
EndProject
Project("{FAE04EC0-301F-11D3-BF4B-00C04F79EFBC}") = "FirmlyPaid.TillIntegration.Api.Tests", "tests\FirmlyPaid.TillIntegration.Api.Tests\FirmlyPaid.TillIntegration.Api.Tests.csproj", "{1928232E-B27A-4376-B694-F33D34CB27CC}"
EndProject
Project("{FAE04EC0-301F-11D3-BF4B-00C04F79EFBC}") = "FirmlyPaid.Data.Core", "src\FirmlyPaid.Data.Core\FirmlyPaid.Data.Core.csproj", "{898A7D41-A2A1-49FF-81F0-AE0AE0C98466}"
EndProject
Project("{FAE04EC0-301F-11D3-BF4B-00C04F79EFBC}") = "FirmlyPaid.Data.Vault", "src\FirmlyPaid.Data.Vault\FirmlyPaid.Data.Vault.csproj", "{9C30D473-55B8-4A22-A3B8-B1C64E25AD1C}"
EndProject
Project("{FAE04EC0-301F-11D3-BF4B-00C04F79EFBC}") = "FirmlyPaid.DbTool", "src\FirmlyPaid.DbTool\FirmlyPaid.DbTool.csproj", "{8A600DC0-F938-41FF-93E3-2FB3011D005F}"
EndProject
Project("{FAE04EC0-301F-11D3-BF4B-00C04F79EFBC}") = "FirmlyPaid.Data.Tests", "tests\FirmlyPaid.Data.Tests\FirmlyPaid.Data.Tests.csproj", "{24C98002-DF4A-48DB-9AA7-7EA633593FE8}"
EndProject
Project("{FAE04EC0-301F-11D3-BF4B-00C04F79EFBC}") = "FirmlyPaid.DemoData", "src\FirmlyPaid.DemoData\FirmlyPaid.DemoData.csproj", "{1E4A3BCC-8510-414A-916D-B9E1642CF57F}"
EndProject
Global
	GlobalSection(SolutionConfigurationPlatforms) = preSolution
		Debug|Any CPU = Debug|Any CPU
		Debug|x64 = Debug|x64
		Debug|x86 = Debug|x86
		Release|Any CPU = Release|Any CPU
		Release|x64 = Release|x64
		Release|x86 = Release|x86
	EndGlobalSection
	GlobalSection(ProjectConfigurationPlatforms) = postSolution
		{EF16E149-FB97-4C84-A2B8-07A1AB69FC47}.Debug|Any CPU.ActiveCfg = Debug|Any CPU
		{EF16E149-FB97-4C84-A2B8-07A1AB69FC47}.Debug|Any CPU.Build.0 = Debug|Any CPU
		{EF16E149-FB97-4C84-A2B8-07A1AB69FC47}.Debug|x64.ActiveCfg = Debug|Any CPU
		{EF16E149-FB97-4C84-A2B8-07A1AB69FC47}.Debug|x64.Build.0 = Debug|Any CPU
		{EF16E149-FB97-4C84-A2B8-07A1AB69FC47}.Debug|x86.ActiveCfg = Debug|Any CPU
		{EF16E149-FB97-4C84-A2B8-07A1AB69FC47}.Debug|x86.Build.0 = Debug|Any CPU
		{EF16E149-FB97-4C84-A2B8-07A1AB69FC47}.Release|Any CPU.ActiveCfg = Release|Any CPU
		{EF16E149-FB97-4C84-A2B8-07A1AB69FC47}.Release|Any CPU.Build.0 = Release|Any CPU
		{EF16E149-FB97-4C84-A2B8-07A1AB69FC47}.Release|x64.ActiveCfg = Release|Any CPU
		{EF16E149-FB97-4C84-A2B8-07A1AB69FC47}.Release|x64.Build.0 = Release|Any CPU
		{EF16E149-FB97-4C84-A2B8-07A1AB69FC47}.Release|x86.ActiveCfg = Release|Any CPU
		{EF16E149-FB97-4C84-A2B8-07A1AB69FC47}.Release|x86.Build.0 = Release|Any CPU
		{CAFF13B5-EC76-485E-A4E9-CE8C685171B8}.Debug|Any CPU.ActiveCfg = Debug|Any CPU
		{CAFF13B5-EC76-485E-A4E9-CE8C685171B8}.Debug|Any CPU.Build.0 = Debug|Any CPU
		{CAFF13B5-EC76-485E-A4E9-CE8C685171B8}.Debug|x64.ActiveCfg = Debug|Any CPU
		{CAFF13B5-EC76-485E-A4E9-CE8C685171B8}.Debug|x64.Build.0 = Debug|Any CPU
		{CAFF13B5-EC76-485E-A4E9-CE8C685171B8}.Debug|x86.ActiveCfg = Debug|Any CPU
		{CAFF13B5-EC76-485E-A4E9-CE8C685171B8}.Debug|x86.Build.0 = Debug|Any CPU
		{CAFF13B5-EC76-485E-A4E9-CE8C685171B8}.Release|Any CPU.ActiveCfg = Release|Any CPU
		{CAFF13B5-EC76-485E-A4E9-CE8C685171B8}.Release|Any CPU.Build.0 = Release|Any CPU
		{CAFF13B5-EC76-485E-A4E9-CE8C685171B8}.Release|x64.ActiveCfg = Release|Any CPU
		{CAFF13B5-EC76-485E-A4E9-CE8C685171B8}.Release|x64.Build.0 = Release|Any CPU
		{CAFF13B5-EC76-485E-A4E9-CE8C685171B8}.Release|x86.ActiveCfg = Release|Any CPU
		{CAFF13B5-EC76-485E-A4E9-CE8C685171B8}.Release|x86.Build.0 = Release|Any CPU
		{782A9EA4-D4D6-4D9E-A17C-0BCD6AFDEDD1}.Debug|Any CPU.ActiveCfg = Debug|Any CPU
		{782A9EA4-D4D6-4D9E-A17C-0BCD6AFDEDD1}.Debug|Any CPU.Build.0 = Debug|Any CPU
		{782A9EA4-D4D6-4D9E-A17C-0BCD6AFDEDD1}.Debug|x64.ActiveCfg = Debug|Any CPU
		{782A9EA4-D4D6-4D9E-A17C-0BCD6AFDEDD1}.Debug|x64.Build.0 = Debug|Any CPU
		{782A9EA4-D4D6-4D9E-A17C-0BCD6AFDEDD1}.Debug|x86.ActiveCfg = Debug|Any CPU
		{782A9EA4-D4D6-4D9E-A17C-0BCD6AFDEDD1}.Debug|x86.Build.0 = Debug|Any CPU
		{782A9EA4-D4D6-4D9E-A17C-0BCD6AFDEDD1}.Release|Any CPU.ActiveCfg = Release|Any CPU
		{782A9EA4-D4D6-4D9E-A17C-0BCD6AFDEDD1}.Release|Any CPU.Build.0 = Release|Any CPU
		{782A9EA4-D4D6-4D9E-A17C-0BCD6AFDEDD1}.Release|x64.ActiveCfg = Release|Any CPU
		{782A9EA4-D4D6-4D9E-A17C-0BCD6AFDEDD1}.Release|x64.Build.0 = Release|Any CPU
		{782A9EA4-D4D6-4D9E-A17C-0BCD6AFDEDD1}.Release|x86.ActiveCfg = Release|Any CPU
		{782A9EA4-D4D6-4D9E-A17C-0BCD6AFDEDD1}.Release|x86.Build.0 = Release|Any CPU
		{416A2EA3-8430-4773-8273-9B26DC600824}.Debug|Any CPU.ActiveCfg = Debug|Any CPU
		{416A2EA3-8430-4773-8273-9B26DC600824}.Debug|Any CPU.Build.0 = Debug|Any CPU
		{416A2EA3-8430-4773-8273-9B26DC600824}.Debug|x64.ActiveCfg = Debug|Any CPU
		{416A2EA3-8430-4773-8273-9B26DC600824}.Debug|x64.Build.0 = Debug|Any CPU
		{416A2EA3-8430-4773-8273-9B26DC600824}.Debug|x86.ActiveCfg = Debug|Any CPU
		{416A2EA3-8430-4773-8273-9B26DC600824}.Debug|x86.Build.0 = Debug|Any CPU
		{416A2EA3-8430-4773-8273-9B26DC600824}.Release|Any CPU.ActiveCfg = Release|Any CPU
		{416A2EA3-8430-4773-8273-9B26DC600824}.Release|Any CPU.Build.0 = Release|Any CPU
		{416A2EA3-8430-4773-8273-9B26DC600824}.Release|x64.ActiveCfg = Release|Any CPU
		{416A2EA3-8430-4773-8273-9B26DC600824}.Release|x64.Build.0 = Release|Any CPU
		{416A2EA3-8430-4773-8273-9B26DC600824}.Release|x86.ActiveCfg = Release|Any CPU
		{416A2EA3-8430-4773-8273-9B26DC600824}.Release|x86.Build.0 = Release|Any CPU
		{15A36911-2EB2-49BF-88E6-9F27ADDA2F03}.Debug|Any CPU.ActiveCfg = Debug|Any CPU
		{15A36911-2EB2-49BF-88E6-9F27ADDA2F03}.Debug|Any CPU.Build.0 = Debug|Any CPU
		{15A36911-2EB2-49BF-88E6-9F27ADDA2F03}.Debug|x64.ActiveCfg = Debug|Any CPU
		{15A36911-2EB2-49BF-88E6-9F27ADDA2F03}.Debug|x64.Build.0 = Debug|Any CPU
		{15A36911-2EB2-49BF-88E6-9F27ADDA2F03}.Debug|x86.ActiveCfg = Debug|Any CPU
		{15A36911-2EB2-49BF-88E6-9F27ADDA2F03}.Debug|x86.Build.0 = Debug|Any CPU
		{15A36911-2EB2-49BF-88E6-9F27ADDA2F03}.Release|Any CPU.ActiveCfg = Release|Any CPU
		{15A36911-2EB2-49BF-88E6-9F27ADDA2F03}.Release|Any CPU.Build.0 = Release|Any CPU
		{15A36911-2EB2-49BF-88E6-9F27ADDA2F03}.Release|x64.ActiveCfg = Release|Any CPU
		{15A36911-2EB2-49BF-88E6-9F27ADDA2F03}.Release|x64.Build.0 = Release|Any CPU
		{15A36911-2EB2-49BF-88E6-9F27ADDA2F03}.Release|x86.ActiveCfg = Release|Any CPU
		{15A36911-2EB2-49BF-88E6-9F27ADDA2F03}.Release|x86.Build.0 = Release|Any CPU
		{04446652-2E00-40CF-B787-CE7789C9FC9C}.Debug|Any CPU.ActiveCfg = Debug|Any CPU
		{04446652-2E00-40CF-B787-CE7789C9FC9C}.Debug|Any CPU.Build.0 = Debug|Any CPU
		{04446652-2E00-40CF-B787-CE7789C9FC9C}.Debug|x64.ActiveCfg = Debug|Any CPU
		{04446652-2E00-40CF-B787-CE7789C9FC9C}.Debug|x64.Build.0 = Debug|Any CPU
		{04446652-2E00-40CF-B787-CE7789C9FC9C}.Debug|x86.ActiveCfg = Debug|Any CPU
		{04446652-2E00-40CF-B787-CE7789C9FC9C}.Debug|x86.Build.0 = Debug|Any CPU
		{04446652-2E00-40CF-B787-CE7789C9FC9C}.Release|Any CPU.ActiveCfg = Release|Any CPU
		{04446652-2E00-40CF-B787-CE7789C9FC9C}.Release|Any CPU.Build.0 = Release|Any CPU
		{04446652-2E00-40CF-B787-CE7789C9FC9C}.Release|x64.ActiveCfg = Release|Any CPU
		{04446652-2E00-40CF-B787-CE7789C9FC9C}.Release|x64.Build.0 = Release|Any CPU
		{04446652-2E00-40CF-B787-CE7789C9FC9C}.Release|x86.ActiveCfg = Release|Any CPU
		{04446652-2E00-40CF-B787-CE7789C9FC9C}.Release|x86.Build.0 = Release|Any CPU
		{7FF6A462-BAB8-4C1F-AC29-67798B95591B}.Debug|Any CPU.ActiveCfg = Debug|Any CPU
		{7FF6A462-BAB8-4C1F-AC29-67798B95591B}.Debug|Any CPU.Build.0 = Debug|Any CPU
		{7FF6A462-BAB8-4C1F-AC29-67798B95591B}.Debug|x64.ActiveCfg = Debug|Any CPU
		{7FF6A462-BAB8-4C1F-AC29-67798B95591B}.Debug|x64.Build.0 = Debug|Any CPU
		{7FF6A462-BAB8-4C1F-AC29-67798B95591B}.Debug|x86.ActiveCfg = Debug|Any CPU
		{7FF6A462-BAB8-4C1F-AC29-67798B95591B}.Debug|x86.Build.0 = Debug|Any CPU
		{7FF6A462-BAB8-4C1F-AC29-67798B95591B}.Release|Any CPU.ActiveCfg = Release|Any CPU
		{7FF6A462-BAB8-4C1F-AC29-67798B95591B}.Release|Any CPU.Build.0 = Release|Any CPU
		{7FF6A462-BAB8-4C1F-AC29-67798B95591B}.Release|x64.ActiveCfg = Release|Any CPU
		{7FF6A462-BAB8-4C1F-AC29-67798B95591B}.Release|x64.Build.0 = Release|Any CPU
		{7FF6A462-BAB8-4C1F-AC29-67798B95591B}.Release|x86.ActiveCfg = Release|Any CPU
		{7FF6A462-BAB8-4C1F-AC29-67798B95591B}.Release|x86.Build.0 = Release|Any CPU
		{9CDDA868-143E-4674-9C3A-A8F5D5616944}.Debug|Any CPU.ActiveCfg = Debug|Any CPU
		{9CDDA868-143E-4674-9C3A-A8F5D5616944}.Debug|Any CPU.Build.0 = Debug|Any CPU
		{9CDDA868-143E-4674-9C3A-A8F5D5616944}.Debug|x64.ActiveCfg = Debug|Any CPU
		{9CDDA868-143E-4674-9C3A-A8F5D5616944}.Debug|x64.Build.0 = Debug|Any CPU
		{9CDDA868-143E-4674-9C3A-A8F5D5616944}.Debug|x86.ActiveCfg = Debug|Any CPU
		{9CDDA868-143E-4674-9C3A-A8F5D5616944}.Debug|x86.Build.0 = Debug|Any CPU
		{9CDDA868-143E-4674-9C3A-A8F5D5616944}.Release|Any CPU.ActiveCfg = Release|Any CPU
		{9CDDA868-143E-4674-9C3A-A8F5D5616944}.Release|Any CPU.Build.0 = Release|Any CPU
		{9CDDA868-143E-4674-9C3A-A8F5D5616944}.Release|x64.ActiveCfg = Release|Any CPU
		{9CDDA868-143E-4674-9C3A-A8F5D5616944}.Release|x64.Build.0 = Release|Any CPU
		{9CDDA868-143E-4674-9C3A-A8F5D5616944}.Release|x86.ActiveCfg = Release|Any CPU
		{9CDDA868-143E-4674-9C3A-A8F5D5616944}.Release|x86.Build.0 = Release|Any CPU
		{019D9E05-2205-41D8-B292-C002DC16ED0B}.Debug|Any CPU.ActiveCfg = Debug|Any CPU
		{019D9E05-2205-41D8-B292-C002DC16ED0B}.Debug|Any CPU.Build.0 = Debug|Any CPU
		{019D9E05-2205-41D8-B292-C002DC16ED0B}.Debug|x64.ActiveCfg = Debug|Any CPU
		{019D9E05-2205-41D8-B292-C002DC16ED0B}.Debug|x64.Build.0 = Debug|Any CPU
		{019D9E05-2205-41D8-B292-C002DC16ED0B}.Debug|x86.ActiveCfg = Debug|Any CPU
		{019D9E05-2205-41D8-B292-C002DC16ED0B}.Debug|x86.Build.0 = Debug|Any CPU
		{019D9E05-2205-41D8-B292-C002DC16ED0B}.Release|Any CPU.ActiveCfg = Release|Any CPU
		{019D9E05-2205-41D8-B292-C002DC16ED0B}.Release|Any CPU.Build.0 = Release|Any CPU
		{019D9E05-2205-41D8-B292-C002DC16ED0B}.Release|x64.ActiveCfg = Release|Any CPU
		{019D9E05-2205-41D8-B292-C002DC16ED0B}.Release|x64.Build.0 = Release|Any CPU
		{019D9E05-2205-41D8-B292-C002DC16ED0B}.Release|x86.ActiveCfg = Release|Any CPU
		{019D9E05-2205-41D8-B292-C002DC16ED0B}.Release|x86.Build.0 = Release|Any CPU
		{B2058CAC-D854-4610-8004-C56521DD1612}.Debug|Any CPU.ActiveCfg = Debug|Any CPU
		{B2058CAC-D854-4610-8004-C56521DD1612}.Debug|Any CPU.Build.0 = Debug|Any CPU
		{B2058CAC-D854-4610-8004-C56521DD1612}.Debug|x64.ActiveCfg = Debug|Any CPU
		{B2058CAC-D854-4610-8004-C56521DD1612}.Debug|x64.Build.0 = Debug|Any CPU
		{B2058CAC-D854-4610-8004-C56521DD1612}.Debug|x86.ActiveCfg = Debug|Any CPU
		{B2058CAC-D854-4610-8004-C56521DD1612}.Debug|x86.Build.0 = Debug|Any CPU
		{B2058CAC-D854-4610-8004-C56521DD1612}.Release|Any CPU.ActiveCfg = Release|Any CPU
		{B2058CAC-D854-4610-8004-C56521DD1612}.Release|Any CPU.Build.0 = Release|Any CPU
		{B2058CAC-D854-4610-8004-C56521DD1612}.Release|x64.ActiveCfg = Release|Any CPU
		{B2058CAC-D854-4610-8004-C56521DD1612}.Release|x64.Build.0 = Release|Any CPU
		{B2058CAC-D854-4610-8004-C56521DD1612}.Release|x86.ActiveCfg = Release|Any CPU
		{B2058CAC-D854-4610-8004-C56521DD1612}.Release|x86.Build.0 = Release|Any CPU
		{CD9E5CFF-15DA-4B00-9D65-EC6C55136AFC}.Debug|Any CPU.ActiveCfg = Debug|Any CPU
		{CD9E5CFF-15DA-4B00-9D65-EC6C55136AFC}.Debug|Any CPU.Build.0 = Debug|Any CPU
		{CD9E5CFF-15DA-4B00-9D65-EC6C55136AFC}.Debug|x64.ActiveCfg = Debug|Any CPU
		{CD9E5CFF-15DA-4B00-9D65-EC6C55136AFC}.Debug|x64.Build.0 = Debug|Any CPU
		{CD9E5CFF-15DA-4B00-9D65-EC6C55136AFC}.Debug|x86.ActiveCfg = Debug|Any CPU
		{CD9E5CFF-15DA-4B00-9D65-EC6C55136AFC}.Debug|x86.Build.0 = Debug|Any CPU
		{CD9E5CFF-15DA-4B00-9D65-EC6C55136AFC}.Release|Any CPU.ActiveCfg = Release|Any CPU
		{CD9E5CFF-15DA-4B00-9D65-EC6C55136AFC}.Release|Any CPU.Build.0 = Release|Any CPU
		{CD9E5CFF-15DA-4B00-9D65-EC6C55136AFC}.Release|x64.ActiveCfg = Release|Any CPU
		{CD9E5CFF-15DA-4B00-9D65-EC6C55136AFC}.Release|x64.Build.0 = Release|Any CPU
		{CD9E5CFF-15DA-4B00-9D65-EC6C55136AFC}.Release|x86.ActiveCfg = Release|Any CPU
		{CD9E5CFF-15DA-4B00-9D65-EC6C55136AFC}.Release|x86.Build.0 = Release|Any CPU
		{27B98D34-C067-4ED0-AAAC-CEC28D2014EC}.Debug|Any CPU.ActiveCfg = Debug|Any CPU
		{27B98D34-C067-4ED0-AAAC-CEC28D2014EC}.Debug|Any CPU.Build.0 = Debug|Any CPU
		{27B98D34-C067-4ED0-AAAC-CEC28D2014EC}.Debug|x64.ActiveCfg = Debug|Any CPU
		{27B98D34-C067-4ED0-AAAC-CEC28D2014EC}.Debug|x64.Build.0 = Debug|Any CPU
		{27B98D34-C067-4ED0-AAAC-CEC28D2014EC}.Debug|x86.ActiveCfg = Debug|Any CPU
		{27B98D34-C067-4ED0-AAAC-CEC28D2014EC}.Debug|x86.Build.0 = Debug|Any CPU
		{27B98D34-C067-4ED0-AAAC-CEC28D2014EC}.Release|Any CPU.ActiveCfg = Release|Any CPU
		{27B98D34-C067-4ED0-AAAC-CEC28D2014EC}.Release|Any CPU.Build.0 = Release|Any CPU
		{27B98D34-C067-4ED0-AAAC-CEC28D2014EC}.Release|x64.ActiveCfg = Release|Any CPU
		{27B98D34-C067-4ED0-AAAC-CEC28D2014EC}.Release|x64.Build.0 = Release|Any CPU
		{27B98D34-C067-4ED0-AAAC-CEC28D2014EC}.Release|x86.ActiveCfg = Release|Any CPU
		{27B98D34-C067-4ED0-AAAC-CEC28D2014EC}.Release|x86.Build.0 = Release|Any CPU
		{AF443BE0-5B67-4FC6-A1D8-9952C3D844A7}.Debug|Any CPU.ActiveCfg = Debug|Any CPU
		{AF443BE0-5B67-4FC6-A1D8-9952C3D844A7}.Debug|Any CPU.Build.0 = Debug|Any CPU
		{AF443BE0-5B67-4FC6-A1D8-9952C3D844A7}.Debug|x64.ActiveCfg = Debug|Any CPU
		{AF443BE0-5B67-4FC6-A1D8-9952C3D844A7}.Debug|x64.Build.0 = Debug|Any CPU
		{AF443BE0-5B67-4FC6-A1D8-9952C3D844A7}.Debug|x86.ActiveCfg = Debug|Any CPU
		{AF443BE0-5B67-4FC6-A1D8-9952C3D844A7}.Debug|x86.Build.0 = Debug|Any CPU
		{AF443BE0-5B67-4FC6-A1D8-9952C3D844A7}.Release|Any CPU.ActiveCfg = Release|Any CPU
		{AF443BE0-5B67-4FC6-A1D8-9952C3D844A7}.Release|Any CPU.Build.0 = Release|Any CPU
		{AF443BE0-5B67-4FC6-A1D8-9952C3D844A7}.Release|x64.ActiveCfg = Release|Any CPU
		{AF443BE0-5B67-4FC6-A1D8-9952C3D844A7}.Release|x64.Build.0 = Release|Any CPU
		{AF443BE0-5B67-4FC6-A1D8-9952C3D844A7}.Release|x86.ActiveCfg = Release|Any CPU
		{AF443BE0-5B67-4FC6-A1D8-9952C3D844A7}.Release|x86.Build.0 = Release|Any CPU
		{D905BE4D-2F5D-4EC5-858E-21D4B0EF3C9D}.Debug|Any CPU.ActiveCfg = Debug|Any CPU
		{D905BE4D-2F5D-4EC5-858E-21D4B0EF3C9D}.Debug|Any CPU.Build.0 = Debug|Any CPU
		{D905BE4D-2F5D-4EC5-858E-21D4B0EF3C9D}.Debug|x64.ActiveCfg = Debug|Any CPU
		{D905BE4D-2F5D-4EC5-858E-21D4B0EF3C9D}.Debug|x64.Build.0 = Debug|Any CPU
		{D905BE4D-2F5D-4EC5-858E-21D4B0EF3C9D}.Debug|x86.ActiveCfg = Debug|Any CPU
		{D905BE4D-2F5D-4EC5-858E-21D4B0EF3C9D}.Debug|x86.Build.0 = Debug|Any CPU
		{D905BE4D-2F5D-4EC5-858E-21D4B0EF3C9D}.Release|Any CPU.ActiveCfg = Release|Any CPU
		{D905BE4D-2F5D-4EC5-858E-21D4B0EF3C9D}.Release|Any CPU.Build.0 = Release|Any CPU
		{D905BE4D-2F5D-4EC5-858E-21D4B0EF3C9D}.Release|x64.ActiveCfg = Release|Any CPU
		{D905BE4D-2F5D-4EC5-858E-21D4B0EF3C9D}.Release|x64.Build.0 = Release|Any CPU
		{D905BE4D-2F5D-4EC5-858E-21D4B0EF3C9D}.Release|x86.ActiveCfg = Release|Any CPU
		{D905BE4D-2F5D-4EC5-858E-21D4B0EF3C9D}.Release|x86.Build.0 = Release|Any CPU
		{B58042F8-63CC-47F9-97BE-891212A433E7}.Debug|Any CPU.ActiveCfg = Debug|Any CPU
		{B58042F8-63CC-47F9-97BE-891212A433E7}.Debug|Any CPU.Build.0 = Debug|Any CPU
		{B58042F8-63CC-47F9-97BE-891212A433E7}.Debug|x64.ActiveCfg = Debug|Any CPU
		{B58042F8-63CC-47F9-97BE-891212A433E7}.Debug|x64.Build.0 = Debug|Any CPU
		{B58042F8-63CC-47F9-97BE-891212A433E7}.Debug|x86.ActiveCfg = Debug|Any CPU
		{B58042F8-63CC-47F9-97BE-891212A433E7}.Debug|x86.Build.0 = Debug|Any CPU
		{B58042F8-63CC-47F9-97BE-891212A433E7}.Release|Any CPU.ActiveCfg = Release|Any CPU
		{B58042F8-63CC-47F9-97BE-891212A433E7}.Release|Any CPU.Build.0 = Release|Any CPU
		{B58042F8-63CC-47F9-97BE-891212A433E7}.Release|x64.ActiveCfg = Release|Any CPU
		{B58042F8-63CC-47F9-97BE-891212A433E7}.Release|x64.Build.0 = Release|Any CPU
		{B58042F8-63CC-47F9-97BE-891212A433E7}.Release|x86.ActiveCfg = Release|Any CPU
		{B58042F8-63CC-47F9-97BE-891212A433E7}.Release|x86.Build.0 = Release|Any CPU
		{4260FE79-44D8-480A-B651-B8525A1F6B06}.Debug|Any CPU.ActiveCfg = Debug|Any CPU
		{4260FE79-44D8-480A-B651-B8525A1F6B06}.Debug|Any CPU.Build.0 = Debug|Any CPU
		{4260FE79-44D8-480A-B651-B8525A1F6B06}.Debug|x64.ActiveCfg = Debug|Any CPU
		{4260FE79-44D8-480A-B651-B8525A1F6B06}.Debug|x64.Build.0 = Debug|Any CPU
		{4260FE79-44D8-480A-B651-B8525A1F6B06}.Debug|x86.ActiveCfg = Debug|Any CPU
		{4260FE79-44D8-480A-B651-B8525A1F6B06}.Debug|x86.Build.0 = Debug|Any CPU
		{4260FE79-44D8-480A-B651-B8525A1F6B06}.Release|Any CPU.ActiveCfg = Release|Any CPU
		{4260FE79-44D8-480A-B651-B8525A1F6B06}.Release|Any CPU.Build.0 = Release|Any CPU
		{4260FE79-44D8-480A-B651-B8525A1F6B06}.Release|x64.ActiveCfg = Release|Any CPU
		{4260FE79-44D8-480A-B651-B8525A1F6B06}.Release|x64.Build.0 = Release|Any CPU
		{4260FE79-44D8-480A-B651-B8525A1F6B06}.Release|x86.ActiveCfg = Release|Any CPU
		{4260FE79-44D8-480A-B651-B8525A1F6B06}.Release|x86.Build.0 = Release|Any CPU
		{09871D12-C783-44AA-BA30-1F2A33606E11}.Debug|Any CPU.ActiveCfg = Debug|Any CPU
		{09871D12-C783-44AA-BA30-1F2A33606E11}.Debug|Any CPU.Build.0 = Debug|Any CPU
		{09871D12-C783-44AA-BA30-1F2A33606E11}.Debug|x64.ActiveCfg = Debug|Any CPU
		{09871D12-C783-44AA-BA30-1F2A33606E11}.Debug|x64.Build.0 = Debug|Any CPU
		{09871D12-C783-44AA-BA30-1F2A33606E11}.Debug|x86.ActiveCfg = Debug|Any CPU
		{09871D12-C783-44AA-BA30-1F2A33606E11}.Debug|x86.Build.0 = Debug|Any CPU
		{09871D12-C783-44AA-BA30-1F2A33606E11}.Release|Any CPU.ActiveCfg = Release|Any CPU
		{09871D12-C783-44AA-BA30-1F2A33606E11}.Release|Any CPU.Build.0 = Release|Any CPU
		{09871D12-C783-44AA-BA30-1F2A33606E11}.Release|x64.ActiveCfg = Release|Any CPU
		{09871D12-C783-44AA-BA30-1F2A33606E11}.Release|x64.Build.0 = Release|Any CPU
		{09871D12-C783-44AA-BA30-1F2A33606E11}.Release|x86.ActiveCfg = Release|Any CPU
		{09871D12-C783-44AA-BA30-1F2A33606E11}.Release|x86.Build.0 = Release|Any CPU
		{41E6FA92-A63A-4860-841E-8BBBA14F8CE2}.Debug|Any CPU.ActiveCfg = Debug|Any CPU
		{41E6FA92-A63A-4860-841E-8BBBA14F8CE2}.Debug|Any CPU.Build.0 = Debug|Any CPU
		{41E6FA92-A63A-4860-841E-8BBBA14F8CE2}.Debug|x64.ActiveCfg = Debug|Any CPU
		{41E6FA92-A63A-4860-841E-8BBBA14F8CE2}.Debug|x64.Build.0 = Debug|Any CPU
		{41E6FA92-A63A-4860-841E-8BBBA14F8CE2}.Debug|x86.ActiveCfg = Debug|Any CPU
		{41E6FA92-A63A-4860-841E-8BBBA14F8CE2}.Debug|x86.Build.0 = Debug|Any CPU
		{41E6FA92-A63A-4860-841E-8BBBA14F8CE2}.Release|Any CPU.ActiveCfg = Release|Any CPU
		{41E6FA92-A63A-4860-841E-8BBBA14F8CE2}.Release|Any CPU.Build.0 = Release|Any CPU
		{41E6FA92-A63A-4860-841E-8BBBA14F8CE2}.Release|x64.ActiveCfg = Release|Any CPU
		{41E6FA92-A63A-4860-841E-8BBBA14F8CE2}.Release|x64.Build.0 = Release|Any CPU
		{41E6FA92-A63A-4860-841E-8BBBA14F8CE2}.Release|x86.ActiveCfg = Release|Any CPU
		{41E6FA92-A63A-4860-841E-8BBBA14F8CE2}.Release|x86.Build.0 = Release|Any CPU
		{1928232E-B27A-4376-B694-F33D34CB27CC}.Debug|Any CPU.ActiveCfg = Debug|Any CPU
		{1928232E-B27A-4376-B694-F33D34CB27CC}.Debug|Any CPU.Build.0 = Debug|Any CPU
		{1928232E-B27A-4376-B694-F33D34CB27CC}.Debug|x64.ActiveCfg = Debug|Any CPU
		{1928232E-B27A-4376-B694-F33D34CB27CC}.Debug|x64.Build.0 = Debug|Any CPU
		{1928232E-B27A-4376-B694-F33D34CB27CC}.Debug|x86.ActiveCfg = Debug|Any CPU
		{1928232E-B27A-4376-B694-F33D34CB27CC}.Debug|x86.Build.0 = Debug|Any CPU
		{1928232E-B27A-4376-B694-F33D34CB27CC}.Release|Any CPU.ActiveCfg = Release|Any CPU
		{1928232E-B27A-4376-B694-F33D34CB27CC}.Release|Any CPU.Build.0 = Release|Any CPU
		{1928232E-B27A-4376-B694-F33D34CB27CC}.Release|x64.ActiveCfg = Release|Any CPU
		{1928232E-B27A-4376-B694-F33D34CB27CC}.Release|x64.Build.0 = Release|Any CPU
		{1928232E-B27A-4376-B694-F33D34CB27CC}.Release|x86.ActiveCfg = Release|Any CPU
		{1928232E-B27A-4376-B694-F33D34CB27CC}.Release|x86.Build.0 = Release|Any CPU
		{898A7D41-A2A1-49FF-81F0-AE0AE0C98466}.Debug|Any CPU.ActiveCfg = Debug|Any CPU
		{898A7D41-A2A1-49FF-81F0-AE0AE0C98466}.Debug|Any CPU.Build.0 = Debug|Any CPU
		{898A7D41-A2A1-49FF-81F0-AE0AE0C98466}.Debug|x64.ActiveCfg = Debug|Any CPU
		{898A7D41-A2A1-49FF-81F0-AE0AE0C98466}.Debug|x64.Build.0 = Debug|Any CPU
		{898A7D41-A2A1-49FF-81F0-AE0AE0C98466}.Debug|x86.ActiveCfg = Debug|Any CPU
		{898A7D41-A2A1-49FF-81F0-AE0AE0C98466}.Debug|x86.Build.0 = Debug|Any CPU
		{898A7D41-A2A1-49FF-81F0-AE0AE0C98466}.Release|Any CPU.ActiveCfg = Release|Any CPU
		{898A7D41-A2A1-49FF-81F0-AE0AE0C98466}.Release|Any CPU.Build.0 = Release|Any CPU
		{898A7D41-A2A1-49FF-81F0-AE0AE0C98466}.Release|x64.ActiveCfg = Release|Any CPU
		{898A7D41-A2A1-49FF-81F0-AE0AE0C98466}.Release|x64.Build.0 = Release|Any CPU
		{898A7D41-A2A1-49FF-81F0-AE0AE0C98466}.Release|x86.ActiveCfg = Release|Any CPU
		{898A7D41-A2A1-49FF-81F0-AE0AE0C98466}.Release|x86.Build.0 = Release|Any CPU
		{9C30D473-55B8-4A22-A3B8-B1C64E25AD1C}.Debug|Any CPU.ActiveCfg = Debug|Any CPU
		{9C30D473-55B8-4A22-A3B8-B1C64E25AD1C}.Debug|Any CPU.Build.0 = Debug|Any CPU
		{9C30D473-55B8-4A22-A3B8-B1C64E25AD1C}.Debug|x64.ActiveCfg = Debug|Any CPU
		{9C30D473-55B8-4A22-A3B8-B1C64E25AD1C}.Debug|x64.Build.0 = Debug|Any CPU
		{9C30D473-55B8-4A22-A3B8-B1C64E25AD1C}.Debug|x86.ActiveCfg = Debug|Any CPU
		{9C30D473-55B8-4A22-A3B8-B1C64E25AD1C}.Debug|x86.Build.0 = Debug|Any CPU
		{9C30D473-55B8-4A22-A3B8-B1C64E25AD1C}.Release|Any CPU.ActiveCfg = Release|Any CPU
		{9C30D473-55B8-4A22-A3B8-B1C64E25AD1C}.Release|Any CPU.Build.0 = Release|Any CPU
		{9C30D473-55B8-4A22-A3B8-B1C64E25AD1C}.Release|x64.ActiveCfg = Release|Any CPU
		{9C30D473-55B8-4A22-A3B8-B1C64E25AD1C}.Release|x64.Build.0 = Release|Any CPU
		{9C30D473-55B8-4A22-A3B8-B1C64E25AD1C}.Release|x86.ActiveCfg = Release|Any CPU
		{9C30D473-55B8-4A22-A3B8-B1C64E25AD1C}.Release|x86.Build.0 = Release|Any CPU
		{8A600DC0-F938-41FF-93E3-2FB3011D005F}.Debug|Any CPU.ActiveCfg = Debug|Any CPU
		{8A600DC0-F938-41FF-93E3-2FB3011D005F}.Debug|Any CPU.Build.0 = Debug|Any CPU
		{8A600DC0-F938-41FF-93E3-2FB3011D005F}.Debug|x64.ActiveCfg = Debug|Any CPU
		{8A600DC0-F938-41FF-93E3-2FB3011D005F}.Debug|x64.Build.0 = Debug|Any CPU
		{8A600DC0-F938-41FF-93E3-2FB3011D005F}.Debug|x86.ActiveCfg = Debug|Any CPU
		{8A600DC0-F938-41FF-93E3-2FB3011D005F}.Debug|x86.Build.0 = Debug|Any CPU
		{8A600DC0-F938-41FF-93E3-2FB3011D005F}.Release|Any CPU.ActiveCfg = Release|Any CPU
		{8A600DC0-F938-41FF-93E3-2FB3011D005F}.Release|Any CPU.Build.0 = Release|Any CPU
		{8A600DC0-F938-41FF-93E3-2FB3011D005F}.Release|x64.ActiveCfg = Release|Any CPU
		{8A600DC0-F938-41FF-93E3-2FB3011D005F}.Release|x64.Build.0 = Release|Any CPU
		{8A600DC0-F938-41FF-93E3-2FB3011D005F}.Release|x86.ActiveCfg = Release|Any CPU
		{8A600DC0-F938-41FF-93E3-2FB3011D005F}.Release|x86.Build.0 = Release|Any CPU
		{24C98002-DF4A-48DB-9AA7-7EA633593FE8}.Debug|Any CPU.ActiveCfg = Debug|Any CPU
		{24C98002-DF4A-48DB-9AA7-7EA633593FE8}.Debug|Any CPU.Build.0 = Debug|Any CPU
		{24C98002-DF4A-48DB-9AA7-7EA633593FE8}.Debug|x64.ActiveCfg = Debug|Any CPU
		{24C98002-DF4A-48DB-9AA7-7EA633593FE8}.Debug|x64.Build.0 = Debug|Any CPU
		{24C98002-DF4A-48DB-9AA7-7EA633593FE8}.Debug|x86.ActiveCfg = Debug|Any CPU
		{24C98002-DF4A-48DB-9AA7-7EA633593FE8}.Debug|x86.Build.0 = Debug|Any CPU
		{24C98002-DF4A-48DB-9AA7-7EA633593FE8}.Release|Any CPU.ActiveCfg = Release|Any CPU
		{24C98002-DF4A-48DB-9AA7-7EA633593FE8}.Release|Any CPU.Build.0 = Release|Any CPU
		{24C98002-DF4A-48DB-9AA7-7EA633593FE8}.Release|x64.ActiveCfg = Release|Any CPU
		{24C98002-DF4A-48DB-9AA7-7EA633593FE8}.Release|x64.Build.0 = Release|Any CPU
		{24C98002-DF4A-48DB-9AA7-7EA633593FE8}.Release|x86.ActiveCfg = Release|Any CPU
		{24C98002-DF4A-48DB-9AA7-7EA633593FE8}.Release|x86.Build.0 = Release|Any CPU
		{1E4A3BCC-8510-414A-916D-B9E1642CF57F}.Debug|Any CPU.ActiveCfg = Debug|Any CPU
		{1E4A3BCC-8510-414A-916D-B9E1642CF57F}.Debug|Any CPU.Build.0 = Debug|Any CPU
		{1E4A3BCC-8510-414A-916D-B9E1642CF57F}.Debug|x64.ActiveCfg = Debug|Any CPU
		{1E4A3BCC-8510-414A-916D-B9E1642CF57F}.Debug|x64.Build.0 = Debug|Any CPU
		{1E4A3BCC-8510-414A-916D-B9E1642CF57F}.Debug|x86.ActiveCfg = Debug|Any CPU
		{1E4A3BCC-8510-414A-916D-B9E1642CF57F}.Debug|x86.Build.0 = Debug|Any CPU
		{1E4A3BCC-8510-414A-916D-B9E1642CF57F}.Release|Any CPU.ActiveCfg = Release|Any CPU
		{1E4A3BCC-8510-414A-916D-B9E1642CF57F}.Release|Any CPU.Build.0 = Release|Any CPU
		{1E4A3BCC-8510-414A-916D-B9E1642CF57F}.Release|x64.ActiveCfg = Release|Any CPU
		{1E4A3BCC-8510-414A-916D-B9E1642CF57F}.Release|x64.Build.0 = Release|Any CPU
		{1E4A3BCC-8510-414A-916D-B9E1642CF57F}.Release|x86.ActiveCfg = Release|Any CPU
		{1E4A3BCC-8510-414A-916D-B9E1642CF57F}.Release|x86.Build.0 = Release|Any CPU
	EndGlobalSection
	GlobalSection(SolutionProperties) = preSolution
		HideSolutionNode = FALSE
	EndGlobalSection
	GlobalSection(NestedProjects) = preSolution
		{EF16E149-FB97-4C84-A2B8-07A1AB69FC47} = {827E0CD3-B72D-47B6-A68D-7590B98EB39B}
		{CAFF13B5-EC76-485E-A4E9-CE8C685171B8} = {827E0CD3-B72D-47B6-A68D-7590B98EB39B}
		{782A9EA4-D4D6-4D9E-A17C-0BCD6AFDEDD1} = {827E0CD3-B72D-47B6-A68D-7590B98EB39B}
		{416A2EA3-8430-4773-8273-9B26DC600824} = {827E0CD3-B72D-47B6-A68D-7590B98EB39B}
		{15A36911-2EB2-49BF-88E6-9F27ADDA2F03} = {827E0CD3-B72D-47B6-A68D-7590B98EB39B}
		{04446652-2E00-40CF-B787-CE7789C9FC9C} = {827E0CD3-B72D-47B6-A68D-7590B98EB39B}
		{7FF6A462-BAB8-4C1F-AC29-67798B95591B} = {827E0CD3-B72D-47B6-A68D-7590B98EB39B}
		{9CDDA868-143E-4674-9C3A-A8F5D5616944} = {827E0CD3-B72D-47B6-A68D-7590B98EB39B}
		{019D9E05-2205-41D8-B292-C002DC16ED0B} = {827E0CD3-B72D-47B6-A68D-7590B98EB39B}
		{B2058CAC-D854-4610-8004-C56521DD1612} = {0AB3BF05-4346-4AA6-1389-037BE0695223}
		{CD9E5CFF-15DA-4B00-9D65-EC6C55136AFC} = {0AB3BF05-4346-4AA6-1389-037BE0695223}
		{27B98D34-C067-4ED0-AAAC-CEC28D2014EC} = {0AB3BF05-4346-4AA6-1389-037BE0695223}
		{AF443BE0-5B67-4FC6-A1D8-9952C3D844A7} = {0AB3BF05-4346-4AA6-1389-037BE0695223}
		{D905BE4D-2F5D-4EC5-858E-21D4B0EF3C9D} = {0AB3BF05-4346-4AA6-1389-037BE0695223}
		{B58042F8-63CC-47F9-97BE-891212A433E7} = {0AB3BF05-4346-4AA6-1389-037BE0695223}
		{4260FE79-44D8-480A-B651-B8525A1F6B06} = {0AB3BF05-4346-4AA6-1389-037BE0695223}
		{09871D12-C783-44AA-BA30-1F2A33606E11} = {0AB3BF05-4346-4AA6-1389-037BE0695223}
		{41E6FA92-A63A-4860-841E-8BBBA14F8CE2} = {0AB3BF05-4346-4AA6-1389-037BE0695223}
		{1928232E-B27A-4376-B694-F33D34CB27CC} = {0AB3BF05-4346-4AA6-1389-037BE0695223}
		{898A7D41-A2A1-49FF-81F0-AE0AE0C98466} = {827E0CD3-B72D-47B6-A68D-7590B98EB39B}
		{9C30D473-55B8-4A22-A3B8-B1C64E25AD1C} = {827E0CD3-B72D-47B6-A68D-7590B98EB39B}
		{8A600DC0-F938-41FF-93E3-2FB3011D005F} = {827E0CD3-B72D-47B6-A68D-7590B98EB39B}
		{24C98002-DF4A-48DB-9AA7-7EA633593FE8} = {0AB3BF05-4346-4AA6-1389-037BE0695223}
		{1E4A3BCC-8510-414A-916D-B9E1642CF57F} = {827E0CD3-B72D-47B6-A68D-7590B98EB39B}
	EndGlobalSection
EndGlobal
